// !$*UTF8*$!
{
	archiveVersion = 1;
	classes = {
	};
	objectVersion = 46;
	objects = {

/* Begin PBXBuildFile section */
		565BCF211655A03200F33517 /* Cocoa.framework in Frameworks */ = {isa = PBXBuildFile; fileRef = 565BCF201655A03200F33517 /* Cocoa.framework */; };
		565BCF2B1655A03200F33517 /* BatteryWatcher.m in Sources */ = {isa = PBXBuildFile; fileRef = 565BCF2A1655A03200F33517 /* BatteryWatcher.m */; };
		565BCF331655A03300F33517 /* SenTestingKit.framework in Frameworks */ = {isa = PBXBuildFile; fileRef = 565BCF321655A03300F33517 /* SenTestingKit.framework */; };
		565BCF341655A03300F33517 /* Cocoa.framework in Frameworks */ = {isa = PBXBuildFile; fileRef = 565BCF201655A03200F33517 /* Cocoa.framework */; };
		565BCF371655A03300F33517 /* BatteryWatcher.dylib in Frameworks */ = {isa = PBXBuildFile; fileRef = 565BCF1D1655A03200F33517 /* BatteryWatcher.dylib */; };
		565BCF3D1655A03300F33517 /* InfoPlist.strings in Resources */ = {isa = PBXBuildFile; fileRef = 565BCF3B1655A03300F33517 /* InfoPlist.strings */; };
		565BCF401655A03300F33517 /* BatteryWatcherTests.m in Sources */ = {isa = PBXBuildFile; fileRef = 565BCF3F1655A03300F33517 /* BatteryWatcherTests.m */; };
		565BCF4E1655A07800F33517 /* IOKit.framework in Frameworks */ = {isa = PBXBuildFile; fileRef = 565BCF4D1655A07800F33517 /* IOKit.framework */; };
		565BCF531655A0E200F33517 /* JavaVM.framework in Frameworks */ = {isa = PBXBuildFile; fileRef = 565BCF511655A0D600F33517 /* JavaVM.framework */; };
		565BCF5516562C5700F33517 /* export.h in Headers */ = {isa = PBXBuildFile; fileRef = 565BCF5416562C5700F33517 /* export.h */; };
		565BCF5716562D1F00F33517 /* export.m in Sources */ = {isa = PBXBuildFile; fileRef = 565BCF5616562D1F00F33517 /* export.m */; };
		56EE5B1B1656699500925500 /* BatteryWatcher.h in Headers */ = {isa = PBXBuildFile; fileRef = 565BCF291655A03200F33517 /* BatteryWatcher.h */; };
/* End PBXBuildFile section */

/* Begin PBXContainerItemProxy section */
		565BCF351655A03300F33517 /* PBXContainerItemProxy */ = {
			isa = PBXContainerItemProxy;
			containerPortal = 565BCF141655A03200F33517 /* Project object */;
			proxyType = 1;
			remoteGlobalIDString = 565BCF1C1655A03200F33517;
			remoteInfo = BatteryWatcher;
		};
/* End PBXContainerItemProxy section */

/* Begin PBXFileReference section */
		565BCF1D1655A03200F33517 /* BatteryWatcher.dylib */ = {isa = PBXFileReference; explicitFileType = "compiled.mach-o.dylib"; includeInIndex = 0; path = BatteryWatcher.dylib; sourceTree = BUILT_PRODUCTS_DIR; };
		565BCF201655A03200F33517 /* Cocoa.framework */ = {isa = PBXFileReference; lastKnownFileType = wrapper.framework; name = Cocoa.framework; path = System/Library/Frameworks/Cocoa.framework; sourceTree = SDKROOT; };
		565BCF231655A03200F33517 /* AppKit.framework */ = {isa = PBXFileReference; lastKnownFileType = wrapper.framework; name = AppKit.framework; path = System/Library/Frameworks/AppKit.framework; sourceTree = SDKROOT; };
		565BCF241655A03200F33517 /* CoreData.framework */ = {isa = PBXFileReference; lastKnownFileType = wrapper.framework; name = CoreData.framework; path = System/Library/Frameworks/CoreData.framework; sourceTree = SDKROOT; };
		565BCF251655A03200F33517 /* Foundation.framework */ = {isa = PBXFileReference; lastKnownFileType = wrapper.framework; name = Foundation.framework; path = System/Library/Frameworks/Foundation.framework; sourceTree = SDKROOT; };
		565BCF281655A03200F33517 /* BatteryWatcher-Prefix.pch */ = {isa = PBXFileReference; lastKnownFileType = sourcecode.c.h; path = "BatteryWatcher-Prefix.pch"; sourceTree = "<group>"; };
		565BCF291655A03200F33517 /* BatteryWatcher.h */ = {isa = PBXFileReference; lastKnownFileType = sourcecode.c.h; path = BatteryWatcher.h; sourceTree = "<group>"; };
		565BCF2A1655A03200F33517 /* BatteryWatcher.m */ = {isa = PBXFileReference; lastKnownFileType = sourcecode.c.objc; path = BatteryWatcher.m; sourceTree = "<group>"; };
		565BCF311655A03300F33517 /* BatteryWatcherTests.octest */ = {isa = PBXFileReference; explicitFileType = wrapper.cfbundle; includeInIndex = 0; path = BatteryWatcherTests.octest; sourceTree = BUILT_PRODUCTS_DIR; };
		565BCF321655A03300F33517 /* SenTestingKit.framework */ = {isa = PBXFileReference; lastKnownFileType = wrapper.framework; name = SenTestingKit.framework; path = Library/Frameworks/SenTestingKit.framework; sourceTree = DEVELOPER_DIR; };
		565BCF3A1655A03300F33517 /* BatteryWatcherTests-Info.plist */ = {isa = PBXFileReference; lastKnownFileType = text.plist.xml; path = "BatteryWatcherTests-Info.plist"; sourceTree = "<group>"; };
		565BCF3C1655A03300F33517 /* en */ = {isa = PBXFileReference; lastKnownFileType = text.plist.strings; name = en; path = en.lproj/InfoPlist.strings; sourceTree = "<group>"; };
		565BCF3E1655A03300F33517 /* BatteryWatcherTests.h */ = {isa = PBXFileReference; lastKnownFileType = sourcecode.c.h; path = BatteryWatcherTests.h; sourceTree = "<group>"; };
		565BCF3F1655A03300F33517 /* BatteryWatcherTests.m */ = {isa = PBXFileReference; lastKnownFileType = sourcecode.c.objc; path = BatteryWatcherTests.m; sourceTree = "<group>"; };
		565BCF4D1655A07800F33517 /* IOKit.framework */ = {isa = PBXFileReference; lastKnownFileType = wrapper.framework; name = IOKit.framework; path = System/Library/Frameworks/IOKit.framework; sourceTree = SDKROOT; };
		565BCF511655A0D600F33517 /* JavaVM.framework */ = {isa = PBXFileReference; lastKnownFileType = wrapper.framework; name = JavaVM.framework; path = System/Library/Frameworks/JavaVM.framework; sourceTree = SDKROOT; };
		565BCF5416562C5700F33517 /* export.h */ = {isa = PBXFileReference; fileEncoding = 4; lastKnownFileType = sourcecode.c.h; path = export.h; sourceTree = "<group>"; };
		565BCF5616562D1F00F33517 /* export.m */ = {isa = PBXFileReference; fileEncoding = 4; lastKnownFileType = sourcecode.c.objc; path = export.m; sourceTree = "<group>"; };
/* End PBXFileReference section */

/* Begin PBXFrameworksBuildPhase section */
		565BCF1A1655A03200F33517 /* Frameworks */ = {
			isa = PBXFrameworksBuildPhase;
			buildActionMask = 2147483647;
			files = (
				565BCF4E1655A07800F33517 /* IOKit.framework in Frameworks */,
				565BCF211655A03200F33517 /* Cocoa.framework in Frameworks */,
				565BCF531655A0E200F33517 /* JavaVM.framework in Frameworks */,
			);
			runOnlyForDeploymentPostprocessing = 0;
		};
		565BCF2D1655A03300F33517 /* Frameworks */ = {
			isa = PBXFrameworksBuildPhase;
			buildActionMask = 2147483647;
			files = (
				565BCF331655A03300F33517 /* SenTestingKit.framework in Frameworks */,
				565BCF341655A03300F33517 /* Cocoa.framework in Frameworks */,
				565BCF371655A03300F33517 /* BatteryWatcher.dylib in Frameworks */,
			);
			runOnlyForDeploymentPostprocessing = 0;
		};
/* End PBXFrameworksBuildPhase section */

/* Begin PBXGroup section */
		565BCF121655A03200F33517 = {
			isa = PBXGroup;
			children = (
				565BCF261655A03200F33517 /* BatteryWatcher */,
				565BCF381655A03300F33517 /* BatteryWatcherTests */,
				565BCF1F1655A03200F33517 /* Frameworks */,
				565BCF1E1655A03200F33517 /* Products */,
			);
			sourceTree = "<group>";
		};
		565BCF1E1655A03200F33517 /* Products */ = {
			isa = PBXGroup;
			children = (
				565BCF1D1655A03200F33517 /* BatteryWatcher.dylib */,
				565BCF311655A03300F33517 /* BatteryWatcherTests.octest */,
			);
			name = Products;
			sourceTree = "<group>";
		};
		565BCF1F1655A03200F33517 /* Frameworks */ = {
			isa = PBXGroup;
			children = (
				565BCF511655A0D600F33517 /* JavaVM.framework */,
				565BCF4D1655A07800F33517 /* IOKit.framework */,
				565BCF201655A03200F33517 /* Cocoa.framework */,
				565BCF321655A03300F33517 /* SenTestingKit.framework */,
				565BCF221655A03200F33517 /* Other Frameworks */,
			);
			name = Frameworks;
			sourceTree = "<group>";
		};
		565BCF221655A03200F33517 /* Other Frameworks */ = {
			isa = PBXGroup;
			children = (
				565BCF231655A03200F33517 /* AppKit.framework */,
				565BCF241655A03200F33517 /* CoreData.framework */,
				565BCF251655A03200F33517 /* Foundation.framework */,
			);
			name = "Other Frameworks";
			sourceTree = "<group>";
		};
		565BCF261655A03200F33517 /* BatteryWatcher */ = {
			isa = PBXGroup;
			children = (
				565BCF5416562C5700F33517 /* export.h */,
				565BCF5616562D1F00F33517 /* export.m */,
				565BCF291655A03200F33517 /* BatteryWatcher.h */,
				565BCF2A1655A03200F33517 /* BatteryWatcher.m */,
				565BCF271655A03200F33517 /* Supporting Files */,
			);
			path = BatteryWatcher;
			sourceTree = "<group>";
		};
		565BCF271655A03200F33517 /* Supporting Files */ = {
			isa = PBXGroup;
			children = (
				565BCF281655A03200F33517 /* BatteryWatcher-Prefix.pch */,
			);
			name = "Supporting Files";
			sourceTree = "<group>";
		};
		565BCF381655A03300F33517 /* BatteryWatcherTests */ = {
			isa = PBXGroup;
			children = (
				565BCF3E1655A03300F33517 /* BatteryWatcherTests.h */,
				565BCF3F1655A03300F33517 /* BatteryWatcherTests.m */,
				565BCF391655A03300F33517 /* Supporting Files */,
			);
			path = BatteryWatcherTests;
			sourceTree = "<group>";
		};
		565BCF391655A03300F33517 /* Supporting Files */ = {
			isa = PBXGroup;
			children = (
				565BCF3A1655A03300F33517 /* BatteryWatcherTests-Info.plist */,
				565BCF3B1655A03300F33517 /* InfoPlist.strings */,
			);
			name = "Supporting Files";
			sourceTree = "<group>";
		};
/* End PBXGroup section */

/* Begin PBXHeadersBuildPhase section */
		565BCF1B1655A03200F33517 /* Headers */ = {
			isa = PBXHeadersBuildPhase;
			buildActionMask = 2147483647;
			files = (
				56EE5B1B1656699500925500 /* BatteryWatcher.h in Headers */,
				565BCF5516562C5700F33517 /* export.h in Headers */,
			);
			runOnlyForDeploymentPostprocessing = 0;
		};
/* End PBXHeadersBuildPhase section */

/* Begin PBXNativeTarget section */
		565BCF1C1655A03200F33517 /* BatteryWatcher */ = {
			isa = PBXNativeTarget;
			buildConfigurationList = 565BCF431655A03300F33517 /* Build configuration list for PBXNativeTarget "BatteryWatcher" */;
			buildPhases = (
				565BCF191655A03200F33517 /* Sources */,
				565BCF1A1655A03200F33517 /* Frameworks */,
				565BCF1B1655A03200F33517 /* Headers */,
			);
			buildRules = (
			);
			dependencies = (
			);
			name = BatteryWatcher;
			productName = BatteryWatcher;
			productReference = 565BCF1D1655A03200F33517 /* BatteryWatcher.dylib */;
			productType = "com.apple.product-type.library.dynamic";
		};
		565BCF301655A03300F33517 /* BatteryWatcherTests */ = {
			isa = PBXNativeTarget;
			buildConfigurationList = 565BCF461655A03300F33517 /* Build configuration list for PBXNativeTarget "BatteryWatcherTests" */;
			buildPhases = (
				565BCF2C1655A03300F33517 /* Sources */,
				565BCF2D1655A03300F33517 /* Frameworks */,
				565BCF2E1655A03300F33517 /* Resources */,
				565BCF2F1655A03300F33517 /* ShellScript */,
			);
			buildRules = (
			);
			dependencies = (
				565BCF361655A03300F33517 /* PBXTargetDependency */,
			);
			name = BatteryWatcherTests;
			productName = BatteryWatcherTests;
			productReference = 565BCF311655A03300F33517 /* BatteryWatcherTests.octest */;
			productType = "com.apple.product-type.bundle";
		};
/* End PBXNativeTarget section */

/* Begin PBXProject section */
		565BCF141655A03200F33517 /* Project object */ = {
			isa = PBXProject;
			attributes = {
				LastUpgradeCheck = 0450;
				ORGANIZATIONNAME = "Marian Bouček";
			};
			buildConfigurationList = 565BCF171655A03200F33517 /* Build configuration list for PBXProject "BatteryWatcher" */;
			compatibilityVersion = "Xcode 3.2";
			developmentRegion = English;
			hasScannedForEncodings = 0;
			knownRegions = (
				en,
			);
			mainGroup = 565BCF121655A03200F33517;
			productRefGroup = 565BCF1E1655A03200F33517 /* Products */;
			projectDirPath = "";
			projectRoot = "";
			targets = (
				565BCF1C1655A03200F33517 /* BatteryWatcher */,
				565BCF301655A03300F33517 /* BatteryWatcherTests */,
			);
		};
/* End PBXProject section */

/* Begin PBXResourcesBuildPhase section */
		565BCF2E1655A03300F33517 /* Resources */ = {
			isa = PBXResourcesBuildPhase;
			buildActionMask = 2147483647;
			files = (
				565BCF3D1655A03300F33517 /* InfoPlist.strings in Resources */,
			);
			runOnlyForDeploymentPostprocessing = 0;
		};
/* End PBXResourcesBuildPhase section */

/* Begin PBXShellScriptBuildPhase section */
		565BCF2F1655A03300F33517 /* ShellScript */ = {
			isa = PBXShellScriptBuildPhase;
			buildActionMask = 2147483647;
			files = (
			);
			inputPaths = (
			);
			outputPaths = (
			);
			runOnlyForDeploymentPostprocessing = 0;
			shellPath = /bin/sh;
			shellScript = "# Run the unit tests in this test bundle.\n\"${SYSTEM_DEVELOPER_DIR}/Tools/RunUnitTests\"\n";
		};
/* End PBXShellScriptBuildPhase section */

/* Begin PBXSourcesBuildPhase section */
		565BCF191655A03200F33517 /* Sources */ = {
			isa = PBXSourcesBuildPhase;
			buildActionMask = 2147483647;
			files = (
				565BCF2B1655A03200F33517 /* BatteryWatcher.m in Sources */,
				565BCF5716562D1F00F33517 /* export.m in Sources */,
			);
			runOnlyForDeploymentPostprocessing = 0;
		};
		565BCF2C1655A03300F33517 /* Sources */ = {
			isa = PBXSourcesBuildPhase;
			buildActionMask = 2147483647;
			files = (
				565BCF401655A03300F33517 /* BatteryWatcherTests.m in Sources */,
			);
			runOnlyForDeploymentPostprocessing = 0;
		};
/* End PBXSourcesBuildPhase section */

/* Begin PBXTargetDependency section */
		565BCF361655A03300F33517 /* PBXTargetDependency */ = {
			isa = PBXTargetDependency;
			target = 565BCF1C1655A03200F33517 /* BatteryWatcher */;
			targetProxy = 565BCF351655A03300F33517 /* PBXContainerItemProxy */;
		};
/* End PBXTargetDependency section */

/* Begin PBXVariantGroup section */
		565BCF3B1655A03300F33517 /* InfoPlist.strings */ = {
			isa = PBXVariantGroup;
			children = (
				565BCF3C1655A03300F33517 /* en */,
			);
			name = InfoPlist.strings;
			sourceTree = "<group>";
		};
/* End PBXVariantGroup section */

/* Begin XCBuildConfiguration section */
		565BCF411655A03300F33517 /* Debug */ = {
			isa = XCBuildConfiguration;
			buildSettings = {
				ALWAYS_SEARCH_USER_PATHS = NO;
				ARCHS = "$(ARCHS_STANDARD_64_BIT)";
				CLANG_CXX_LANGUAGE_STANDARD = "gnu++0x";
				CLANG_CXX_LIBRARY = "libc++";
				CLANG_WARN_EMPTY_BODY = YES;
				CLANG_WARN__DUPLICATE_METHOD_MATCH = YES;
				COPY_PHASE_STRIP = NO;
				GCC_C_LANGUAGE_STANDARD = gnu99;
				GCC_DYNAMIC_NO_PIC = NO;
				GCC_ENABLE_OBJC_EXCEPTIONS = YES;
				GCC_OPTIMIZATION_LEVEL = 0;
				GCC_PREPROCESSOR_DEFINITIONS = (
					"DEBUG=1",
					"$(inherited)",
				);
				GCC_SYMBOLS_PRIVATE_EXTERN = NO;
				GCC_WARN_64_TO_32_BIT_CONVERSION = YES;
				GCC_WARN_ABOUT_RETURN_TYPE = YES;
				GCC_WARN_UNINITIALIZED_AUTOS = YES;
				GCC_WARN_UNUSED_VARIABLE = YES;
				MACOSX_DEPLOYMENT_TARGET = 10.8;
				ONLY_ACTIVE_ARCH = YES;
				SDKROOT = macosx;
			};
			name = Debug;
		};
		565BCF421655A03300F33517 /* Release */ = {
			isa = XCBuildConfiguration;
			buildSettings = {
				ALWAYS_SEARCH_USER_PATHS = NO;
				ARCHS = "$(ARCHS_STANDARD_64_BIT)";
				CLANG_CXX_LANGUAGE_STANDARD = "gnu++0x";
				CLANG_CXX_LIBRARY = "libc++";
				CLANG_WARN_EMPTY_BODY = YES;
				CLANG_WARN__DUPLICATE_METHOD_MATCH = YES;
				COPY_PHASE_STRIP = YES;
				DEBUG_INFORMATION_FORMAT = "dwarf-with-dsym";
				GCC_C_LANGUAGE_STANDARD = gnu99;
				GCC_ENABLE_OBJC_EXCEPTIONS = YES;
				GCC_WARN_64_TO_32_BIT_CONVERSION = YES;
				GCC_WARN_ABOUT_RETURN_TYPE = YES;
				GCC_WARN_UNINITIALIZED_AUTOS = YES;
				GCC_WARN_UNUSED_VARIABLE = YES;
				MACOSX_DEPLOYMENT_TARGET = 10.8;
				SDKROOT = macosx;
			};
			name = Release;
		};
		565BCF441655A03300F33517 /* Debug */ = {
			isa = XCBuildConfiguration;
			buildSettings = {
				CLANG_ENABLE_OBJC_ARC = YES;
				DYLIB_COMPATIBILITY_VERSION = 1;
				DYLIB_CURRENT_VERSION = 1;
				GCC_PRECOMPILE_PREFIX_HEADER = YES;
				GCC_PREFIX_HEADER = "BatteryWatcher/BatteryWatcher-Prefix.pch";
				PRODUCT_NAME = "$(TARGET_NAME)";
			};
			name = Debug;
		};
		565BCF451655A03300F33517 /* Release */ = {
			isa = XCBuildConfiguration;
			buildSettings = {
				CLANG_ENABLE_OBJC_ARC = YES;
				DYLIB_COMPATIBILITY_VERSION = 1;
				DYLIB_CURRENT_VERSION = 1;
				GCC_PRECOMPILE_PREFIX_HEADER = YES;
				GCC_PREFIX_HEADER = "BatteryWatcher/BatteryWatcher-Prefix.pch";
				PRODUCT_NAME = "$(TARGET_NAME)";
			};
			name = Release;
		};
		565BCF471655A03300F33517 /* Debug */ = {
			isa = XCBuildConfiguration;
			buildSettings = {
				CLANG_ENABLE_OBJC_ARC = YES;
				COMBINE_HIDPI_IMAGES = YES;
				FRAMEWORK_SEARCH_PATHS = "\"$(DEVELOPER_LIBRARY_DIR)/Frameworks\"";
				GCC_PRECOMPILE_PREFIX_HEADER = YES;
				GCC_PREFIX_HEADER = "BatteryWatcher/BatteryWatcher-Prefix.pch";
				INFOPLIST_FILE = "BatteryWatcherTests/BatteryWatcherTests-Info.plist";
				PRODUCT_NAME = "$(TARGET_NAME)";
				WRAPPER_EXTENSION = octest;
			};
			name = Debug;
		};
		565BCF481655A03300F33517 /* Release */ = {
			isa = XCBuildConfiguration;
			buildSettings = {
				CLANG_ENABLE_OBJC_ARC = YES;
				COMBINE_HIDPI_IMAGES = YES;
				FRAMEWORK_SEARCH_PATHS = "\"$(DEVELOPER_LIBRARY_DIR)/Frameworks\"";
				GCC_PRECOMPILE_PREFIX_HEADER = YES;
				GCC_PREFIX_HEADER = "BatteryWatcher/BatteryWatcher-Prefix.pch";
				INFOPLIST_FILE = "BatteryWatcherTests/BatteryWatcherTests-Info.plist";
				PRODUCT_NAME = "$(TARGET_NAME)";
				WRAPPER_EXTENSION = octest;
			};
			name = Release;
		};
/* End XCBuildConfiguration section */

/* Begin XCConfigurationList section */
		565BCF171655A03200F33517 /* Build configuration list for PBXProject "BatteryWatcher" */ = {
			isa = XCConfigurationList;
			buildConfigurations = (
				565BCF411655A03300F33517 /* Debug */,
				565BCF421655A03300F33517 /* Release */,
			);
			defaultConfigurationIsVisible = 0;
			defaultConfigurationName = Release;
		};
		565BCF431655A03300F33517 /* Build configuration list for PBXNativeTarget "BatteryWatcher" */ = {
			isa = XCConfigurationList;
			buildConfigurations = (
				565BCF441655A03300F33517 /* Debug */,
				565BCF451655A03300F33517 /* Release */,
			);
			defaultConfigurationIsVisible = 0;
			defaultConfigurationName = Release;
		};
		565BCF461655A03300F33517 /* Build configuration list for PBXNativeTarget "BatteryWatcherTests" */ = {
			isa = XCConfigurationList;
			buildConfigurations = (
				565BCF471655A03300F33517 /* Debug */,
				565BCF481655A03300F33517 /* Release */,
			);
			defaultConfigurationIsVisible = 0;
			defaultConfigurationName = Release;
		};
/* End XCConfigurationList section */
	};
	rootObject = 565BCF141655A03200F33517 /* Project object */;
}
